
Microsoft Visual Studio Solution File, Format Version 12.00
# Visual Studio Version 16
VisualStudioVersion = 16.0.30002.166
MinimumVisualStudioVersion = 10.0.40219.1
Project("{FAE04EC0-301F-11D3-BF4B-00C04F79EFBC}") = "Server", "Server.csproj", "{77BE890D-7793-4FFB-91C6-659F6B2956B4}"
EndProject
Global
	GlobalSection(SolutionConfigurationPlatforms) = preSolution
		Debug|Any CPU = Debug|Any CPU
		Release|Any CPU = Release|Any CPU
	EndGlobalSection
	GlobalSection(ProjectConfigurationPlatforms) = postSolution
		{77BE890D-7793-4FFB-91C6-659F6B2956B4}.Debug|Any CPU.ActiveCfg = Debug|Any CPU
		{77BE890D-7793-4FFB-91C6-659F6B2956B4}.Debug|Any CPU.Build.0 = Debug|Any CPU
		{77BE890D-7793-4FFB-91C6-659F6B2956B4}.Release|Any CPU.ActiveCfg = Release|Any CPU
		{77BE890D-7793-4FFB-91C6-659F6B2956B4}.Release|Any CPU.Build.0 = Release|Any CPU
	EndGlobalSection
	GlobalSection(SolutionProperties) = preSolution
		HideSolutionNode = FALSE
	EndGlobalSection
	GlobalSection(ExtensibilityGlobals) = postSolution
		SolutionGuid = {046C6DAC-BEAF-4D29-B552-BD4ECD078FD4}
	EndGlobalSection
EndGlobal
